// !$*UTF8*$!
{
	archiveVersion = 1;
	classes = {
	};
	objectVersion = 55;
	objects = {

/* Begin PBXBuildFile section */
		EB0F42E028636CF90085AF71 /* TuningAppSkeletonApp.swift in Sources */ = {isa = PBXBuildFile; fileRef = EB0F42DF28636CF90085AF71 /* TuningAppSkeletonApp.swift */; };
		EB0F42E228636CF90085AF71 /* ContentView.swift in Sources */ = {isa = PBXBuildFile; fileRef = EB0F42E128636CF90085AF71 /* ContentView.swift */; };
		EB0F42E428636CFA0085AF71 /* Assets.xcassets in Resources */ = {isa = PBXBuildFile; fileRef = EB0F42E328636CFA0085AF71 /* Assets.xcassets */; };
		EB0F42E728636CFA0085AF71 /* Preview Assets.xcassets in Resources */ = {isa = PBXBuildFile; fileRef = EB0F42E628636CFA0085AF71 /* Preview Assets.xcassets */; };
		EB0F42F128636CFB0085AF71 /* TuningAppSkeletonTests.swift in Sources */ = {isa = PBXBuildFile; fileRef = EB0F42F028636CFB0085AF71 /* TuningAppSkeletonTests.swift */; };
		EB0F42FB28636CFB0085AF71 /* TuningAppSkeletonUITests.swift in Sources */ = {isa = PBXBuildFile; fileRef = EB0F42FA28636CFB0085AF71 /* TuningAppSkeletonUITests.swift */; };
		EB0F42FD28636CFB0085AF71 /* TuningAppSkeletonUITestsLaunchTests.swift in Sources */ = {isa = PBXBuildFile; fileRef = EB0F42FC28636CFB0085AF71 /* TuningAppSkeletonUITestsLaunchTests.swift */; };
		EB4D9F3A28B13FB300C7DDCC /* Extensions.swift in Sources */ = {isa = PBXBuildFile; fileRef = EB4D9F3928B13FB300C7DDCC /* Extensions.swift */; };
		EB79F1E028B006700088587E /* AssembledNoteView.swift in Sources */ = {isa = PBXBuildFile; fileRef = EB79F1DF28B006700088587E /* AssembledNoteView.swift */; };
		EB79F1E628B05FB90088587E /* AudioKit in Frameworks */ = {isa = PBXBuildFile; productRef = EB79F1E528B05FB90088587E /* AudioKit */; };
		EB79F1E928B060730088587E /* AudioKitEX in Frameworks */ = {isa = PBXBuildFile; productRef = EB79F1E828B060730088587E /* AudioKitEX */; };
		EB79F1EC28B060AD0088587E /* AudioKitUI in Frameworks */ = {isa = PBXBuildFile; productRef = EB79F1EB28B060AD0088587E /* AudioKitUI */; };
		EB79F1EF28B061510088587E /* SoundpipeAudioKit in Frameworks */ = {isa = PBXBuildFile; productRef = EB79F1EE28B061510088587E /* SoundpipeAudioKit */; };
		EB8B9626289CBC2900013C26 /* StaffLinesView.swift in Sources */ = {isa = PBXBuildFile; fileRef = EB8B9625289CBC2800013C26 /* StaffLinesView.swift */; };
		EB8B9628289CBCD600013C26 /* NoteModel.swift in Sources */ = {isa = PBXBuildFile; fileRef = EB8B9627289CBCD600013C26 /* NoteModel.swift */; };
		EB8B962A289CC36F00013C26 /* ClefView.swift in Sources */ = {isa = PBXBuildFile; fileRef = EB8B9629289CC36F00013C26 /* ClefView.swift */; };
		EB8B962C289CC49C00013C26 /* NoteNameView.swift in Sources */ = {isa = PBXBuildFile; fileRef = EB8B962B289CC49C00013C26 /* NoteNameView.swift */; };
		EB8B962E289CC57600013C26 /* WholeNoteView.swift in Sources */ = {isa = PBXBuildFile; fileRef = EB8B962D289CC57600013C26 /* WholeNoteView.swift */; };
		EB8B9630289CC5F400013C26 /* LedgerLineView.swift in Sources */ = {isa = PBXBuildFile; fileRef = EB8B962F289CC5F400013C26 /* LedgerLineView.swift */; };
		EB8B9632289CC92200013C26 /* AssembledStaffView.swift in Sources */ = {isa = PBXBuildFile; fileRef = EB8B9631289CC92200013C26 /* AssembledStaffView.swift */; };
/* End PBXBuildFile section */

/* Begin PBXContainerItemProxy section */
		EB0F42ED28636CFB0085AF71 /* PBXContainerItemProxy */ = {
			isa = PBXContainerItemProxy;
			containerPortal = EB0F42D428636CF90085AF71 /* Project object */;
			proxyType = 1;
			remoteGlobalIDString = EB0F42DB28636CF90085AF71;
			remoteInfo = TuningAppSkeleton;
		};
		EB0F42F728636CFB0085AF71 /* PBXContainerItemProxy */ = {
			isa = PBXContainerItemProxy;
			containerPortal = EB0F42D428636CF90085AF71 /* Project object */;
			proxyType = 1;
			remoteGlobalIDString = EB0F42DB28636CF90085AF71;
			remoteInfo = TuningAppSkeleton;
		};
/* End PBXContainerItemProxy section */

/* Begin PBXFileReference section */
		EB0F42DC28636CF90085AF71 /* TuningAppSkeleton.app */ = {isa = PBXFileReference; explicitFileType = wrapper.application; includeInIndex = 0; path = TuningAppSkeleton.app; sourceTree = BUILT_PRODUCTS_DIR; };
		EB0F42DF28636CF90085AF71 /* TuningAppSkeletonApp.swift */ = {isa = PBXFileReference; lastKnownFileType = sourcecode.swift; path = TuningAppSkeletonApp.swift; sourceTree = "<group>"; };
		EB0F42E128636CF90085AF71 /* ContentView.swift */ = {isa = PBXFileReference; lastKnownFileType = sourcecode.swift; path = ContentView.swift; sourceTree = "<group>"; };
		EB0F42E328636CFA0085AF71 /* Assets.xcassets */ = {isa = PBXFileReference; lastKnownFileType = folder.assetcatalog; path = Assets.xcassets; sourceTree = "<group>"; };
		EB0F42E628636CFA0085AF71 /* Preview Assets.xcassets */ = {isa = PBXFileReference; lastKnownFileType = folder.assetcatalog; path = "Preview Assets.xcassets"; sourceTree = "<group>"; };
		EB0F42EC28636CFB0085AF71 /* TuningAppSkeletonTests.xctest */ = {isa = PBXFileReference; explicitFileType = wrapper.cfbundle; includeInIndex = 0; path = TuningAppSkeletonTests.xctest; sourceTree = BUILT_PRODUCTS_DIR; };
		EB0F42F028636CFB0085AF71 /* TuningAppSkeletonTests.swift */ = {isa = PBXFileReference; lastKnownFileType = sourcecode.swift; path = TuningAppSkeletonTests.swift; sourceTree = "<group>"; };
		EB0F42F628636CFB0085AF71 /* TuningAppSkeletonUITests.xctest */ = {isa = PBXFileReference; explicitFileType = wrapper.cfbundle; includeInIndex = 0; path = TuningAppSkeletonUITests.xctest; sourceTree = BUILT_PRODUCTS_DIR; };
		EB0F42FA28636CFB0085AF71 /* TuningAppSkeletonUITests.swift */ = {isa = PBXFileReference; lastKnownFileType = sourcecode.swift; path = TuningAppSkeletonUITests.swift; sourceTree = "<group>"; };
		EB0F42FC28636CFB0085AF71 /* TuningAppSkeletonUITestsLaunchTests.swift */ = {isa = PBXFileReference; lastKnownFileType = sourcecode.swift; path = TuningAppSkeletonUITestsLaunchTests.swift; sourceTree = "<group>"; };
		EB2F4CD428B07DBD008B20B9 /* Info.plist */ = {isa = PBXFileReference; lastKnownFileType = text.plist; path = Info.plist; sourceTree = "<group>"; };
		EB4D9F3928B13FB300C7DDCC /* Extensions.swift */ = {isa = PBXFileReference; lastKnownFileType = sourcecode.swift; path = Extensions.swift; sourceTree = "<group>"; };
		EB79F1DF28B006700088587E /* AssembledNoteView.swift */ = {isa = PBXFileReference; lastKnownFileType = sourcecode.swift; path = AssembledNoteView.swift; sourceTree = "<group>"; };
		EB8B9625289CBC2800013C26 /* StaffLinesView.swift */ = {isa = PBXFileReference; lastKnownFileType = sourcecode.swift; path = StaffLinesView.swift; sourceTree = "<group>"; };
		EB8B9627289CBCD600013C26 /* NoteModel.swift */ = {isa = PBXFileReference; lastKnownFileType = sourcecode.swift; path = NoteModel.swift; sourceTree = "<group>"; };
		EB8B9629289CC36F00013C26 /* ClefView.swift */ = {isa = PBXFileReference; lastKnownFileType = sourcecode.swift; path = ClefView.swift; sourceTree = "<group>"; };
		EB8B962B289CC49C00013C26 /* NoteNameView.swift */ = {isa = PBXFileReference; lastKnownFileType = sourcecode.swift; path = NoteNameView.swift; sourceTree = "<group>"; };
		EB8B962D289CC57600013C26 /* WholeNoteView.swift */ = {isa = PBXFileReference; lastKnownFileType = sourcecode.swift; path = WholeNoteView.swift; sourceTree = "<group>"; };
		EB8B962F289CC5F400013C26 /* LedgerLineView.swift */ = {isa = PBXFileReference; lastKnownFileType = sourcecode.swift; path = LedgerLineView.swift; sourceTree = "<group>"; };
		EB8B9631289CC92200013C26 /* AssembledStaffView.swift */ = {isa = PBXFileReference; lastKnownFileType = sourcecode.swift; path = AssembledStaffView.swift; sourceTree = "<group>"; };
/* End PBXFileReference section */

/* Begin PBXFrameworksBuildPhase section */
		EB0F42D928636CF90085AF71 /* Frameworks */ = {
			isa = PBXFrameworksBuildPhase;
			buildActionMask = 2147483647;
			files = (
				EB79F1E628B05FB90088587E /* AudioKit in Frameworks */,
				EB79F1EC28B060AD0088587E /* AudioKitUI in Frameworks */,
				EB79F1EF28B061510088587E /* SoundpipeAudioKit in Frameworks */,
				EB79F1E928B060730088587E /* AudioKitEX in Frameworks */,
			);
			runOnlyForDeploymentPostprocessing = 0;
		};
		EB0F42E928636CFB0085AF71 /* Frameworks */ = {
			isa = PBXFrameworksBuildPhase;
			buildActionMask = 2147483647;
			files = (
			);
			runOnlyForDeploymentPostprocessing = 0;
		};
		EB0F42F328636CFB0085AF71 /* Frameworks */ = {
			isa = PBXFrameworksBuildPhase;
			buildActionMask = 2147483647;
			files = (
			);
			runOnlyForDeploymentPostprocessing = 0;
		};
/* End PBXFrameworksBuildPhase section */

/* Begin PBXGroup section */
		EB0F42D328636CF90085AF71 = {
			isa = PBXGroup;
			children = (
				EB0F42DE28636CF90085AF71 /* TuningAppSkeleton */,
				EB0F42EF28636CFB0085AF71 /* TuningAppSkeletonTests */,
				EB0F42F928636CFB0085AF71 /* TuningAppSkeletonUITests */,
				EB0F42DD28636CF90085AF71 /* Products */,
			);
			sourceTree = "<group>";
		};
		EB0F42DD28636CF90085AF71 /* Products */ = {
			isa = PBXGroup;
			children = (
				EB0F42DC28636CF90085AF71 /* TuningAppSkeleton.app */,
				EB0F42EC28636CFB0085AF71 /* TuningAppSkeletonTests.xctest */,
				EB0F42F628636CFB0085AF71 /* TuningAppSkeletonUITests.xctest */,
			);
			name = Products;
			sourceTree = "<group>";
		};
		EB0F42DE28636CF90085AF71 /* TuningAppSkeleton */ = {
			isa = PBXGroup;
			children = (
				EB2F4CD428B07DBD008B20B9 /* Info.plist */,
				EB0F42DF28636CF90085AF71 /* TuningAppSkeletonApp.swift */,
				EB0F42E128636CF90085AF71 /* ContentView.swift */,
				EB4D9F3928B13FB300C7DDCC /* Extensions.swift */,
				EB8B9631289CC92200013C26 /* AssembledStaffView.swift */,
				EB8B962B289CC49C00013C26 /* NoteNameView.swift */,
				EB8B9625289CBC2800013C26 /* StaffLinesView.swift */,
				EB8B962D289CC57600013C26 /* WholeNoteView.swift */,
				EB8B962F289CC5F400013C26 /* LedgerLineView.swift */,
				EB8B9627289CBCD600013C26 /* NoteModel.swift */,
				EB79F1DF28B006700088587E /* AssembledNoteView.swift */,
				EB8B9629289CC36F00013C26 /* ClefView.swift */,
				EB0F42E328636CFA0085AF71 /* Assets.xcassets */,
				EB0F42E528636CFA0085AF71 /* Preview Content */,
			);
			path = TuningAppSkeleton;
			sourceTree = "<group>";
		};
		EB0F42E528636CFA0085AF71 /* Preview Content */ = {
			isa = PBXGroup;
			children = (
				EB0F42E628636CFA0085AF71 /* Preview Assets.xcassets */,
			);
			path = "Preview Content";
			sourceTree = "<group>";
		};
		EB0F42EF28636CFB0085AF71 /* TuningAppSkeletonTests */ = {
			isa = PBXGroup;
			children = (
				EB0F42F028636CFB0085AF71 /* TuningAppSkeletonTests.swift */,
			);
			path = TuningAppSkeletonTests;
			sourceTree = "<group>";
		};
		EB0F42F928636CFB0085AF71 /* TuningAppSkeletonUITests */ = {
			isa = PBXGroup;
			children = (
				EB0F42FA28636CFB0085AF71 /* TuningAppSkeletonUITests.swift */,
				EB0F42FC28636CFB0085AF71 /* TuningAppSkeletonUITestsLaunchTests.swift */,
			);
			path = TuningAppSkeletonUITests;
			sourceTree = "<group>";
		};
/* End PBXGroup section */

/* Begin PBXNativeTarget section */
		EB0F42DB28636CF90085AF71 /* TuningAppSkeleton */ = {
			isa = PBXNativeTarget;
			buildConfigurationList = EB0F430028636CFB0085AF71 /* Build configuration list for PBXNativeTarget "TuningAppSkeleton" */;
			buildPhases = (
				EB0F42D828636CF90085AF71 /* Sources */,
				EB0F42D928636CF90085AF71 /* Frameworks */,
				EB0F42DA28636CF90085AF71 /* Resources */,
			);
			buildRules = (
			);
			dependencies = (
			);
			name = TuningAppSkeleton;
			packageProductDependencies = (
				EB79F1E528B05FB90088587E /* AudioKit */,
				EB79F1E828B060730088587E /* AudioKitEX */,
				EB79F1EB28B060AD0088587E /* AudioKitUI */,
				EB79F1EE28B061510088587E /* SoundpipeAudioKit */,
			);
			productName = TuningAppSkeleton;
			productReference = EB0F42DC28636CF90085AF71 /* TuningAppSkeleton.app */;
			productType = "com.apple.product-type.application";
		};
		EB0F42EB28636CFB0085AF71 /* TuningAppSkeletonTests */ = {
			isa = PBXNativeTarget;
			buildConfigurationList = EB0F430328636CFB0085AF71 /* Build configuration list for PBXNativeTarget "TuningAppSkeletonTests" */;
			buildPhases = (
				EB0F42E828636CFB0085AF71 /* Sources */,
				EB0F42E928636CFB0085AF71 /* Frameworks */,
				EB0F42EA28636CFB0085AF71 /* Resources */,
			);
			buildRules = (
			);
			dependencies = (
				EB0F42EE28636CFB0085AF71 /* PBXTargetDependency */,
			);
			name = TuningAppSkeletonTests;
			productName = TuningAppSkeletonTests;
			productReference = EB0F42EC28636CFB0085AF71 /* TuningAppSkeletonTests.xctest */;
			productType = "com.apple.product-type.bundle.unit-test";
		};
		EB0F42F528636CFB0085AF71 /* TuningAppSkeletonUITests */ = {
			isa = PBXNativeTarget;
			buildConfigurationList = EB0F430628636CFB0085AF71 /* Build configuration list for PBXNativeTarget "TuningAppSkeletonUITests" */;
			buildPhases = (
				EB0F42F228636CFB0085AF71 /* Sources */,
				EB0F42F328636CFB0085AF71 /* Frameworks */,
				EB0F42F428636CFB0085AF71 /* Resources */,
			);
			buildRules = (
			);
			dependencies = (
				EB0F42F828636CFB0085AF71 /* PBXTargetDependency */,
			);
			name = TuningAppSkeletonUITests;
			productName = TuningAppSkeletonUITests;
			productReference = EB0F42F628636CFB0085AF71 /* TuningAppSkeletonUITests.xctest */;
			productType = "com.apple.product-type.bundle.ui-testing";
		};
/* End PBXNativeTarget section */

/* Begin PBXProject section */
		EB0F42D428636CF90085AF71 /* Project object */ = {
			isa = PBXProject;
			attributes = {
				BuildIndependentTargetsInParallel = 1;
				LastSwiftUpdateCheck = 1320;
				LastUpgradeCheck = 1320;
				TargetAttributes = {
					EB0F42DB28636CF90085AF71 = {
						CreatedOnToolsVersion = 13.2.1;
					};
					EB0F42EB28636CFB0085AF71 = {
						CreatedOnToolsVersion = 13.2.1;
						TestTargetID = EB0F42DB28636CF90085AF71;
					};
					EB0F42F528636CFB0085AF71 = {
						CreatedOnToolsVersion = 13.2.1;
						TestTargetID = EB0F42DB28636CF90085AF71;
					};
				};
			};
			buildConfigurationList = EB0F42D728636CF90085AF71 /* Build configuration list for PBXProject "TuningAppSkeleton" */;
			compatibilityVersion = "Xcode 13.0";
			developmentRegion = en;
			hasScannedForEncodings = 0;
			knownRegions = (
				en,
				Base,
			);
			mainGroup = EB0F42D328636CF90085AF71;
			packageReferences = (
				EB79F1E428B05FB80088587E /* XCRemoteSwiftPackageReference "AudioKit" */,
				EB79F1E728B060730088587E /* XCRemoteSwiftPackageReference "AudioKitEX" */,
				EB79F1EA28B060AD0088587E /* XCRemoteSwiftPackageReference "AudioKitUI" */,
				EB79F1ED28B061510088587E /* XCRemoteSwiftPackageReference "SoundpipeAudioKit" */,
			);
			productRefGroup = EB0F42DD28636CF90085AF71 /* Products */;
			projectDirPath = "";
			projectRoot = "";
			targets = (
				EB0F42DB28636CF90085AF71 /* TuningAppSkeleton */,
				EB0F42EB28636CFB0085AF71 /* TuningAppSkeletonTests */,
				EB0F42F528636CFB0085AF71 /* TuningAppSkeletonUITests */,
			);
		};
/* End PBXProject section */

/* Begin PBXResourcesBuildPhase section */
		EB0F42DA28636CF90085AF71 /* Resources */ = {
			isa = PBXResourcesBuildPhase;
			buildActionMask = 2147483647;
			files = (
				EB0F42E728636CFA0085AF71 /* Preview Assets.xcassets in Resources */,
				EB0F42E428636CFA0085AF71 /* Assets.xcassets in Resources */,
			);
			runOnlyForDeploymentPostprocessing = 0;
		};
		EB0F42EA28636CFB0085AF71 /* Resources */ = {
			isa = PBXResourcesBuildPhase;
			buildActionMask = 2147483647;
			files = (
			);
			runOnlyForDeploymentPostprocessing = 0;
		};
		EB0F42F428636CFB0085AF71 /* Resources */ = {
			isa = PBXResourcesBuildPhase;
			buildActionMask = 2147483647;
			files = (
			);
			runOnlyForDeploymentPostprocessing = 0;
		};
/* End PBXResourcesBuildPhase section */

/* Begin PBXSourcesBuildPhase section */
		EB0F42D828636CF90085AF71 /* Sources */ = {
			isa = PBXSourcesBuildPhase;
			buildActionMask = 2147483647;
			files = (
				EB8B962E289CC57600013C26 /* WholeNoteView.swift in Sources */,
				EB8B9626289CBC2900013C26 /* StaffLinesView.swift in Sources */,
				EB8B9632289CC92200013C26 /* AssembledStaffView.swift in Sources */,
				EB79F1E028B006700088587E /* AssembledNoteView.swift in Sources */,
				EB8B962C289CC49C00013C26 /* NoteNameView.swift in Sources */,
				EB8B9628289CBCD600013C26 /* NoteModel.swift in Sources */,
				EB8B962A289CC36F00013C26 /* ClefView.swift in Sources */,
				EB8B9630289CC5F400013C26 /* LedgerLineView.swift in Sources */,
				EB0F42E228636CF90085AF71 /* ContentView.swift in Sources */,
				EB4D9F3A28B13FB300C7DDCC /* Extensions.swift in Sources */,
				EB0F42E028636CF90085AF71 /* TuningAppSkeletonApp.swift in Sources */,
			);
			runOnlyForDeploymentPostprocessing = 0;
		};
		EB0F42E828636CFB0085AF71 /* Sources */ = {
			isa = PBXSourcesBuildPhase;
			buildActionMask = 2147483647;
			files = (
				EB0F42F128636CFB0085AF71 /* TuningAppSkeletonTests.swift in Sources */,
			);
			runOnlyForDeploymentPostprocessing = 0;
		};
		EB0F42F228636CFB0085AF71 /* Sources */ = {
			isa = PBXSourcesBuildPhase;
			buildActionMask = 2147483647;
			files = (
				EB0F42FD28636CFB0085AF71 /* TuningAppSkeletonUITestsLaunchTests.swift in Sources */,
				EB0F42FB28636CFB0085AF71 /* TuningAppSkeletonUITests.swift in Sources */,
			);
			runOnlyForDeploymentPostprocessing = 0;
		};
/* End PBXSourcesBuildPhase section */

/* Begin PBXTargetDependency section */
		EB0F42EE28636CFB0085AF71 /* PBXTargetDependency */ = {
			isa = PBXTargetDependency;
			target = EB0F42DB28636CF90085AF71 /* TuningAppSkeleton */;
			targetProxy = EB0F42ED28636CFB0085AF71 /* PBXContainerItemProxy */;
		};
		EB0F42F828636CFB0085AF71 /* PBXTargetDependency */ = {
			isa = PBXTargetDependency;
			target = EB0F42DB28636CF90085AF71 /* TuningAppSkeleton */;
			targetProxy = EB0F42F728636CFB0085AF71 /* PBXContainerItemProxy */;
		};
/* End PBXTargetDependency section */

/* Begin XCBuildConfiguration section */
		EB0F42FE28636CFB0085AF71 /* Debug */ = {
			isa = XCBuildConfiguration;
			buildSettings = {
				ALWAYS_SEARCH_USER_PATHS = NO;
				CLANG_ANALYZER_NONNULL = YES;
				CLANG_ANALYZER_NUMBER_OBJECT_CONVERSION = YES_AGGRESSIVE;
				CLANG_CXX_LANGUAGE_STANDARD = "gnu++17";
				CLANG_CXX_LIBRARY = "libc++";
				CLANG_ENABLE_MODULES = YES;
				CLANG_ENABLE_OBJC_ARC = YES;
				CLANG_ENABLE_OBJC_WEAK = YES;
				CLANG_WARN_BLOCK_CAPTURE_AUTORELEASING = YES;
				CLANG_WARN_BOOL_CONVERSION = YES;
				CLANG_WARN_COMMA = YES;
				CLANG_WARN_CONSTANT_CONVERSION = YES;
				CLANG_WARN_DEPRECATED_OBJC_IMPLEMENTATIONS = YES;
				CLANG_WARN_DIRECT_OBJC_ISA_USAGE = YES_ERROR;
				CLANG_WARN_DOCUMENTATION_COMMENTS = YES;
				CLANG_WARN_EMPTY_BODY = YES;
				CLANG_WARN_ENUM_CONVERSION = YES;
				CLANG_WARN_INFINITE_RECURSION = YES;
				CLANG_WARN_INT_CONVERSION = YES;
				CLANG_WARN_NON_LITERAL_NULL_CONVERSION = YES;
				CLANG_WARN_OBJC_IMPLICIT_RETAIN_SELF = YES;
				CLANG_WARN_OBJC_LITERAL_CONVERSION = YES;
				CLANG_WARN_OBJC_ROOT_CLASS = YES_ERROR;
				CLANG_WARN_QUOTED_INCLUDE_IN_FRAMEWORK_HEADER = YES;
				CLANG_WARN_RANGE_LOOP_ANALYSIS = YES;
				CLANG_WARN_STRICT_PROTOTYPES = YES;
				CLANG_WARN_SUSPICIOUS_MOVE = YES;
				CLANG_WARN_UNGUARDED_AVAILABILITY = YES_AGGRESSIVE;
				CLANG_WARN_UNREACHABLE_CODE = YES;
				CLANG_WARN__DUPLICATE_METHOD_MATCH = YES;
				COPY_PHASE_STRIP = NO;
				DEBUG_INFORMATION_FORMAT = dwarf;
				ENABLE_STRICT_OBJC_MSGSEND = YES;
				ENABLE_TESTABILITY = YES;
				GCC_C_LANGUAGE_STANDARD = gnu11;
				GCC_DYNAMIC_NO_PIC = NO;
				GCC_NO_COMMON_BLOCKS = YES;
				GCC_OPTIMIZATION_LEVEL = 0;
				GCC_PREPROCESSOR_DEFINITIONS = (
					"DEBUG=1",
					"$(inherited)",
				);
				GCC_WARN_64_TO_32_BIT_CONVERSION = YES;
				GCC_WARN_ABOUT_RETURN_TYPE = YES_ERROR;
				GCC_WARN_UNDECLARED_SELECTOR = YES;
				GCC_WARN_UNINITIALIZED_AUTOS = YES_AGGRESSIVE;
				GCC_WARN_UNUSED_FUNCTION = YES;
				GCC_WARN_UNUSED_VARIABLE = YES;
				IPHONEOS_DEPLOYMENT_TARGET = 15.2;
				MTL_ENABLE_DEBUG_INFO = INCLUDE_SOURCE;
				MTL_FAST_MATH = YES;
				ONLY_ACTIVE_ARCH = YES;
				SDKROOT = iphoneos;
				SWIFT_ACTIVE_COMPILATION_CONDITIONS = DEBUG;
				SWIFT_OPTIMIZATION_LEVEL = "-Onone";
			};
			name = Debug;
		};
		EB0F42FF28636CFB0085AF71 /* Release */ = {
			isa = XCBuildConfiguration;
			buildSettings = {
				ALWAYS_SEARCH_USER_PATHS = NO;
				CLANG_ANALYZER_NONNULL = YES;
				CLANG_ANALYZER_NUMBER_OBJECT_CONVERSION = YES_AGGRESSIVE;
				CLANG_CXX_LANGUAGE_STANDARD = "gnu++17";
				CLANG_CXX_LIBRARY = "libc++";
				CLANG_ENABLE_MODULES = YES;
				CLANG_ENABLE_OBJC_ARC = YES;
				CLANG_ENABLE_OBJC_WEAK = YES;
				CLANG_WARN_BLOCK_CAPTURE_AUTORELEASING = YES;
				CLANG_WARN_BOOL_CONVERSION = YES;
				CLANG_WARN_COMMA = YES;
				CLANG_WARN_CONSTANT_CONVERSION = YES;
				CLANG_WARN_DEPRECATED_OBJC_IMPLEMENTATIONS = YES;
				CLANG_WARN_DIRECT_OBJC_ISA_USAGE = YES_ERROR;
				CLANG_WARN_DOCUMENTATION_COMMENTS = YES;
				CLANG_WARN_EMPTY_BODY = YES;
				CLANG_WARN_ENUM_CONVERSION = YES;
				CLANG_WARN_INFINITE_RECURSION = YES;
				CLANG_WARN_INT_CONVERSION = YES;
				CLANG_WARN_NON_LITERAL_NULL_CONVERSION = YES;
				CLANG_WARN_OBJC_IMPLICIT_RETAIN_SELF = YES;
				CLANG_WARN_OBJC_LITERAL_CONVERSION = YES;
				CLANG_WARN_OBJC_ROOT_CLASS = YES_ERROR;
				CLANG_WARN_QUOTED_INCLUDE_IN_FRAMEWORK_HEADER = YES;
				CLANG_WARN_RANGE_LOOP_ANALYSIS = YES;
				CLANG_WARN_STRICT_PROTOTYPES = YES;
				CLANG_WARN_SUSPICIOUS_MOVE = YES;
				CLANG_WARN_UNGUARDED_AVAILABILITY = YES_AGGRESSIVE;
				CLANG_WARN_UNREACHABLE_CODE = YES;
				CLANG_WARN__DUPLICATE_METHOD_MATCH = YES;
				COPY_PHASE_STRIP = NO;
				DEBUG_INFORMATION_FORMAT = "dwarf-with-dsym";
				ENABLE_NS_ASSERTIONS = NO;
				ENABLE_STRICT_OBJC_MSGSEND = YES;
				GCC_C_LANGUAGE_STANDARD = gnu11;
				GCC_NO_COMMON_BLOCKS = YES;
				GCC_WARN_64_TO_32_BIT_CONVERSION = YES;
				GCC_WARN_ABOUT_RETURN_TYPE = YES_ERROR;
				GCC_WARN_UNDECLARED_SELECTOR = YES;
				GCC_WARN_UNINITIALIZED_AUTOS = YES_AGGRESSIVE;
				GCC_WARN_UNUSED_FUNCTION = YES;
				GCC_WARN_UNUSED_VARIABLE = YES;
				IPHONEOS_DEPLOYMENT_TARGET = 15.2;
				MTL_ENABLE_DEBUG_INFO = NO;
				MTL_FAST_MATH = YES;
				SDKROOT = iphoneos;
				SWIFT_COMPILATION_MODE = wholemodule;
				SWIFT_OPTIMIZATION_LEVEL = "-O";
				VALIDATE_PRODUCT = YES;
			};
			name = Release;
		};
		EB0F430128636CFB0085AF71 /* Debug */ = {
			isa = XCBuildConfiguration;
			buildSettings = {
				ASSETCATALOG_COMPILER_APPICON_NAME = AppIcon;
				ASSETCATALOG_COMPILER_GLOBAL_ACCENT_COLOR_NAME = AccentColor;
				CODE_SIGN_STYLE = Automatic;
				CURRENT_PROJECT_VERSION = 1;
				DEVELOPMENT_ASSET_PATHS = "\"TuningAppSkeleton/Preview Content\"";
				DEVELOPMENT_TEAM = L63W9QSW59;
				ENABLE_PREVIEWS = YES;
				GENERATE_INFOPLIST_FILE = YES;
				INFOPLIST_FILE = TuningAppSkeleton/Info.plist;
				INFOPLIST_KEY_LSApplicationCategoryType = "";
				INFOPLIST_KEY_NSMicrophoneUsageDescription = "\"This app needs access to the microphone\"";
				INFOPLIST_KEY_UIApplicationSceneManifest_Generation = YES;
				INFOPLIST_KEY_UIApplicationSupportsIndirectInputEvents = YES;
				INFOPLIST_KEY_UILaunchScreen_Generation = YES;
				INFOPLIST_KEY_UISupportedInterfaceOrientations_iPad = "UIInterfaceOrientationPortrait UIInterfaceOrientationPortraitUpsideDown UIInterfaceOrientationLandscapeLeft UIInterfaceOrientationLandscapeRight";
				INFOPLIST_KEY_UISupportedInterfaceOrientations_iPhone = "UIInterfaceOrientationPortrait UIInterfaceOrientationLandscapeLeft UIInterfaceOrientationLandscapeRight";
				LD_RUNPATH_SEARCH_PATHS = (
					"$(inherited)",
					"@executable_path/Frameworks",
				);
				MARKETING_VERSION = 1.0;
				PRODUCT_BUNDLE_IDENTIFIER = dev.lorenzobrown.TuningAppSkeleton;
				PRODUCT_NAME = "$(TARGET_NAME)";
				SWIFT_EMIT_LOC_STRINGS = YES;
				SWIFT_VERSION = 5.0;
				TARGETED_DEVICE_FAMILY = "1,2";
			};
			name = Debug;
		};
		EB0F430228636CFB0085AF71 /* Release */ = {
			isa = XCBuildConfiguration;
			buildSettings = {
				ASSETCATALOG_COMPILER_APPICON_NAME = AppIcon;
				ASSETCATALOG_COMPILER_GLOBAL_ACCENT_COLOR_NAME = AccentColor;
				CODE_SIGN_STYLE = Automatic;
				CURRENT_PROJECT_VERSION = 1;
				DEVELOPMENT_ASSET_PATHS = "\"TuningAppSkeleton/Preview Content\"";
				DEVELOPMENT_TEAM = L63W9QSW59;
				ENABLE_PREVIEWS = YES;
				GENERATE_INFOPLIST_FILE = YES;
				INFOPLIST_FILE = TuningAppSkeleton/Info.plist;
				INFOPLIST_KEY_LSApplicationCategoryType = "";
				INFOPLIST_KEY_NSMicrophoneUsageDescription = "\"This app needs access to the microphone\"";
				INFOPLIST_KEY_UIApplicationSceneManifest_Generation = YES;
				INFOPLIST_KEY_UIApplicationSupportsIndirectInputEvents = YES;
				INFOPLIST_KEY_UILaunchScreen_Generation = YES;
				INFOPLIST_KEY_UISupportedInterfaceOrientations_iPad = "UIInterfaceOrientationPortrait UIInterfaceOrientationPortraitUpsideDown UIInterfaceOrientationLandscapeLeft UIInterfaceOrientationLandscapeRight";
				INFOPLIST_KEY_UISupportedInterfaceOrientations_iPhone = "UIInterfaceOrientationPortrait UIInterfaceOrientationLandscapeLeft UIInterfaceOrientationLandscapeRight";
				LD_RUNPATH_SEARCH_PATHS = (
					"$(inherited)",
					"@executable_path/Frameworks",
				);
				MARKETING_VERSION = 1.0;
				PRODUCT_BUNDLE_IDENTIFIER = dev.lorenzobrown.TuningAppSkeleton;
				PRODUCT_NAME = "$(TARGET_NAME)";
				SWIFT_EMIT_LOC_STRINGS = YES;
				SWIFT_VERSION = 5.0;
				TARGETED_DEVICE_FAMILY = "1,2";
			};
			name = Release;
		};
		EB0F430428636CFB0085AF71 /* Debug */ = {
			isa = XCBuildConfiguration;
			buildSettings = {
				ALWAYS_EMBED_SWIFT_STANDARD_LIBRARIES = YES;
				BUNDLE_LOADER = "$(TEST_HOST)";
				CODE_SIGN_STYLE = Automatic;
				CURRENT_PROJECT_VERSION = 1;
				DEVELOPMENT_TEAM = L63W9QSW59;
				GENERATE_INFOPLIST_FILE = YES;
				IPHONEOS_DEPLOYMENT_TARGET = 15.2;
				MARKETING_VERSION = 1.0;
				PRODUCT_BUNDLE_IDENTIFIER = dev.lorenzobrown.TuningAppSkeletonTests;
				PRODUCT_NAME = "$(TARGET_NAME)";
				SWIFT_EMIT_LOC_STRINGS = NO;
				SWIFT_VERSION = 5.0;
				TARGETED_DEVICE_FAMILY = "1,2";
				TEST_HOST = "$(BUILT_PRODUCTS_DIR)/TuningAppSkeleton.app/TuningAppSkeleton";
			};
			name = Debug;
		};
		EB0F430528636CFB0085AF71 /* Release */ = {
			isa = XCBuildConfiguration;
			buildSettings = {
				ALWAYS_EMBED_SWIFT_STANDARD_LIBRARIES = YES;
				BUNDLE_LOADER = "$(TEST_HOST)";
				CODE_SIGN_STYLE = Automatic;
				CURRENT_PROJECT_VERSION = 1;
				DEVELOPMENT_TEAM = L63W9QSW59;
				GENERATE_INFOPLIST_FILE = YES;
				IPHONEOS_DEPLOYMENT_TARGET = 15.2;
				MARKETING_VERSION = 1.0;
				PRODUCT_BUNDLE_IDENTIFIER = dev.lorenzobrown.TuningAppSkeletonTests;
				PRODUCT_NAME = "$(TARGET_NAME)";
				SWIFT_EMIT_LOC_STRINGS = NO;
				SWIFT_VERSION = 5.0;
				TARGETED_DEVICE_FAMILY = "1,2";
				TEST_HOST = "$(BUILT_PRODUCTS_DIR)/TuningAppSkeleton.app/TuningAppSkeleton";
			};
			name = Release;
		};
		EB0F430728636CFB0085AF71 /* Debug */ = {
			isa = XCBuildConfiguration;
			buildSettings = {
				ALWAYS_EMBED_SWIFT_STANDARD_LIBRARIES = YES;
				CODE_SIGN_STYLE = Automatic;
				CURRENT_PROJECT_VERSION = 1;
				DEVELOPMENT_TEAM = L63W9QSW59;
				GENERATE_INFOPLIST_FILE = YES;
				MARKETING_VERSION = 1.0;
				PRODUCT_BUNDLE_IDENTIFIER = dev.lorenzobrown.TuningAppSkeletonUITests;
				PRODUCT_NAME = "$(TARGET_NAME)";
				SWIFT_EMIT_LOC_STRINGS = NO;
				SWIFT_VERSION = 5.0;
				TARGETED_DEVICE_FAMILY = "1,2";
				TEST_TARGET_NAME = TuningAppSkeleton;
			};
			name = Debug;
		};
		EB0F430828636CFB0085AF71 /* Release */ = {
			isa = XCBuildConfiguration;
			buildSettings = {
				ALWAYS_EMBED_SWIFT_STANDARD_LIBRARIES = YES;
				CODE_SIGN_STYLE = Automatic;
				CURRENT_PROJECT_VERSION = 1;
				DEVELOPMENT_TEAM = L63W9QSW59;
				GENERATE_INFOPLIST_FILE = YES;
				MARKETING_VERSION = 1.0;
				PRODUCT_BUNDLE_IDENTIFIER = dev.lorenzobrown.TuningAppSkeletonUITests;
				PRODUCT_NAME = "$(TARGET_NAME)";
				SWIFT_EMIT_LOC_STRINGS = NO;
				SWIFT_VERSION = 5.0;
				TARGETED_DEVICE_FAMILY = "1,2";
				TEST_TARGET_NAME = TuningAppSkeleton;
			};
			name = Release;
		};
/* End XCBuildConfiguration section */

/* Begin XCConfigurationList section */
		EB0F42D728636CF90085AF71 /* Build configuration list for PBXProject "TuningAppSkeleton" */ = {
			isa = XCConfigurationList;
			buildConfigurations = (
				EB0F42FE28636CFB0085AF71 /* Debug */,
				EB0F42FF28636CFB0085AF71 /* Release */,
			);
			defaultConfigurationIsVisible = 0;
			defaultConfigurationName = Release;
		};
		EB0F430028636CFB0085AF71 /* Build configuration list for PBXNativeTarget "TuningAppSkeleton" */ = {
			isa = XCConfigurationList;
			buildConfigurations = (
				EB0F430128636CFB0085AF71 /* Debug */,
				EB0F430228636CFB0085AF71 /* Release */,
			);
			defaultConfigurationIsVisible = 0;
			defaultConfigurationName = Release;
		};
		EB0F430328636CFB0085AF71 /* Build configuration list for PBXNativeTarget "TuningAppSkeletonTests" */ = {
			isa = XCConfigurationList;
			buildConfigurations = (
				EB0F430428636CFB0085AF71 /* Debug */,
				EB0F430528636CFB0085AF71 /* Release */,
			);
			defaultConfigurationIsVisible = 0;
			defaultConfigurationName = Release;
		};
		EB0F430628636CFB0085AF71 /* Build configuration list for PBXNativeTarget "TuningAppSkeletonUITests" */ = {
			isa = XCConfigurationList;
			buildConfigurations = (
				EB0F430728636CFB0085AF71 /* Debug */,
				EB0F430828636CFB0085AF71 /* Release */,
			);
			defaultConfigurationIsVisible = 0;
			defaultConfigurationName = Release;
		};
/* End XCConfigurationList section */

/* Begin XCRemoteSwiftPackageReference section */
		EB79F1E428B05FB80088587E /* XCRemoteSwiftPackageReference "AudioKit" */ = {
			isa = XCRemoteSwiftPackageReference;
			repositoryURL = "https://github.com/AudioKit/AudioKit.git";
			requirement = {
				kind = upToNextMajorVersion;
				minimumVersion = 5.0.0;
			};
		};
		EB79F1E728B060730088587E /* XCRemoteSwiftPackageReference "AudioKitEX" */ = {
			isa = XCRemoteSwiftPackageReference;
			repositoryURL = "https://github.com/AudioKit/AudioKitEX.git";
			requirement = {
				kind = upToNextMajorVersion;
				minimumVersion = 5.0.0;
			};
		};
		EB79F1EA28B060AD0088587E /* XCRemoteSwiftPackageReference "AudioKitUI" */ = {
			isa = XCRemoteSwiftPackageReference;
			repositoryURL = "https://github.com/AudioKit/AudioKitUI.git";
			requirement = {
				kind = upToNextMajorVersion;
				minimumVersion = 0.1.3;
			};
		};
		EB79F1ED28B061510088587E /* XCRemoteSwiftPackageReference "SoundpipeAudioKit" */ = {
			isa = XCRemoteSwiftPackageReference;
			repositoryURL = "https://github.com/AudioKit/SoundpipeAudioKit.git";
			requirement = {
				kind = upToNextMajorVersion;
				minimumVersion = 5.0.0;
			};
		};
/* End XCRemoteSwiftPackageReference section */

/* Begin XCSwiftPackageProductDependency section */
		EB79F1E528B05FB90088587E /* AudioKit */ = {
			isa = XCSwiftPackageProductDependency;
			package = EB79F1E428B05FB80088587E /* XCRemoteSwiftPackageReference "AudioKit" */;
			productName = AudioKit;
		};
		EB79F1E828B060730088587E /* AudioKitEX */ = {
			isa = XCSwiftPackageProductDependency;
			package = EB79F1E728B060730088587E /* XCRemoteSwiftPackageReference "AudioKitEX" */;
			productName = AudioKitEX;
		};
		EB79F1EB28B060AD0088587E /* AudioKitUI */ = {
			isa = XCSwiftPackageProductDependency;
			package = EB79F1EA28B060AD0088587E /* XCRemoteSwiftPackageReference "AudioKitUI" */;
			productName = AudioKitUI;
		};
		EB79F1EE28B061510088587E /* SoundpipeAudioKit */ = {
			isa = XCSwiftPackageProductDependency;
			package = EB79F1ED28B061510088587E /* XCRemoteSwiftPackageReference "SoundpipeAudioKit" */;
			productName = SoundpipeAudioKit;
		};
/* End XCSwiftPackageProductDependency section */
	};
	rootObject = EB0F42D428636CF90085AF71 /* Project object */;
}
